
Microsoft Visual Studio Solution File, Format Version 12.00
# Visual Studio Version 16
VisualStudioVersion = 16.0.30907.101
MinimumVisualStudioVersion = 10.0.40219.1
Project("{FAE04EC0-301F-11D3-BF4B-00C04F79EFBC}") = "prjView", "prjView\prjView.csproj", "{AD18AD92-9E5F-4049-98AD-4E78ED7E4AF9}"
EndProject
Global
	GlobalSection(SolutionConfigurationPlatforms) = preSolution
		Debug|Any CPU = Debug|Any CPU
		Release|Any CPU = Release|Any CPU
	EndGlobalSection
	GlobalSection(ProjectConfigurationPlatforms) = postSolution
		{AD18AD92-9E5F-4049-98AD-4E78ED7E4AF9}.Debug|Any CPU.ActiveCfg = Debug|Any CPU
		{AD18AD92-9E5F-4049-98AD-4E78ED7E4AF9}.Debug|Any CPU.Build.0 = Debug|Any CPU
		{AD18AD92-9E5F-4049-98AD-4E78ED7E4AF9}.Release|Any CPU.ActiveCfg = Release|Any CPU
		{AD18AD92-9E5F-4049-98AD-4E78ED7E4AF9}.Release|Any CPU.Build.0 = Release|Any CPU
	EndGlobalSection
	GlobalSection(SolutionProperties) = preSolution
		HideSolutionNode = FALSE
	EndGlobalSection
	GlobalSection(ExtensibilityGlobals) = postSolution
		SolutionGuid = {1D31941E-5DF1-4C82-B873-83EFE3AE77CC}
	EndGlobalSection
EndGlobal
